
Microsoft Visual Studio Solution File, Format Version 12.00
# Visual Studio Version 17
VisualStudioVersion = 17.0.31521.260
MinimumVisualStudioVersion = 10.0.40219.1
Project("{FAE04EC0-301F-11D3-BF4B-00C04F79EFBC}") = "DefaultFont_Ex", "DefaultFont_Ex\DefaultFont_Ex.csproj", "{22F1BEF7-CE62-46B8-9BAC-5C8C3F043C55}"
EndProject
Global
	GlobalSection(SolutionConfigurationPlatforms) = preSolution
		Debug|Any CPU = Debug|Any CPU
		Release|Any CPU = Release|Any CPU
	EndGlobalSection
	GlobalSection(ProjectConfigurationPlatforms) = postSolution
		{22F1BEF7-CE62-46B8-9BAC-5C8C3F043C55}.Debug|Any CPU.ActiveCfg = Debug|Any CPU
		{22F1BEF7-CE62-46B8-9BAC-5C8C3F043C55}.Debug|Any CPU.Build.0 = Debug|Any CPU
		{22F1BEF7-CE62-46B8-9BAC-5C8C3F043C55}.Release|Any CPU.ActiveCfg = Release|Any CPU
		{22F1BEF7-CE62-46B8-9BAC-5C8C3F043C55}.Release|Any CPU.Build.0 = Release|Any CPU
	EndGlobalSection
	GlobalSection(SolutionProperties) = preSolution
		HideSolutionNode = FALSE
	EndGlobalSection
	GlobalSection(ExtensibilityGlobals) = postSolution
		SolutionGuid = {3AD6AEF6-226F-4CA2-A72D-6B6E2214322B}
	EndGlobalSection
EndGlobal
