
Microsoft Visual Studio Solution File, Format Version 12.00
# Visual Studio Version 17
VisualStudioVersion = 17.0.31521.260
MinimumVisualStudioVersion = 10.0.40219.1
Project("{FAE04EC0-301F-11D3-BF4B-00C04F79EFBC}") = "Chapter_4_Ex", "Chapter_4_Ex\Chapter_4_Ex.csproj", "{7C688308-67E5-4873-AB74-0B97968703DD}"
EndProject
Global
	GlobalSection(SolutionConfigurationPlatforms) = preSolution
		Debug|Any CPU = Debug|Any CPU
		Release|Any CPU = Release|Any CPU
	EndGlobalSection
	GlobalSection(ProjectConfigurationPlatforms) = postSolution
		{7C688308-67E5-4873-AB74-0B97968703DD}.Debug|Any CPU.ActiveCfg = Debug|Any CPU
		{7C688308-67E5-4873-AB74-0B97968703DD}.Debug|Any CPU.Build.0 = Debug|Any CPU
		{7C688308-67E5-4873-AB74-0B97968703DD}.Release|Any CPU.ActiveCfg = Release|Any CPU
		{7C688308-67E5-4873-AB74-0B97968703DD}.Release|Any CPU.Build.0 = Release|Any CPU
	EndGlobalSection
	GlobalSection(SolutionProperties) = preSolution
		HideSolutionNode = FALSE
	EndGlobalSection
	GlobalSection(ExtensibilityGlobals) = postSolution
		SolutionGuid = {C2677E72-29F9-42C6-9EC9-211795F8553D}
	EndGlobalSection
EndGlobal
